{
  "version": 4,
  "terraform_version": "1.5.6",
  "serial": 7,
  "lineage": "ef1a5225-d35e-92fa-79ca-5ec4bff06348",
  "outputs": {
    "instance_public_ip": {
      "value": "3.83.46.69",
      "type": "string"
    }
  },
  "resources": [
    {
      "mode": "managed",
      "type": "aws_lightsail_instance",
      "name": "samplelightsail_instance",
      "provider": "provider[\"registry.terraform.io/hashicorp/aws\"]",
      "instances": [
        {
          "schema_version": 0,
          "attributes": {
            "add_on": [],
            "arn": "arn:aws:lightsail:us-east-1:598364647523:Instance/d4d2677d-214b-4f4e-9c72-3e4c74dc85ac",
            "availability_zone": "us-east-1a",
            "blueprint_id": "centos_7_2009_01",
            "bundle_id": "micro_2_0",
            "cpu_count": 1,
            "created_at": "2023-09-21T00:40:17Z",
            "id": "centos-instance",
            "ip_address_type": "dualstack",
            "ipv6_address": "2600:1f18:767b:3700:3945:8758:be6e:61ad",
            "ipv6_addresses": [
              "2600:1f18:767b:3700:3945:8758:be6e:61ad"
            ],
            "is_static_ip": false,
            "key_pair_name": "LightsailDefaultKeyPair",
            "name": "centos-instance",
            "private_ip_address": "172.26.14.130",
            "public_ip_address": "3.83.46.69",
            "ram_size": 1,
            "tags": {
              "Environment": "Development"
            },
            "tags_all": {
              "Environment": "Development"
            },
            "user_data": "#!/bin/bash\r\nsudo yum update -y\r\nsudo yum install unzip wget httpd -y\r\nsudo wget https://github.com/utrains/static-resume/archive/refs/heads/main.zip\r\nsudo unzip main.zip\r\nsudo rm -rf /var/www/html/*\r\nsudo cp -r static-resume-main/* /var/www/html/\r\nsudo systemctl start httpd\r\nsudo systemctl enable httpd\r\n",
            "username": "centos"
          },
          "sensitive_attributes": [],
          "private": "bnVsbA=="
        }
      ]
    }
  ],
  "check_results": null
}
